// !$*UTF8*$!
{
	archiveVersion = 1;
	classes = {
	};
	objectVersion = 77;
	objects = {

/* Begin PBXBuildFile section */
		AAAA000000000000000000D2 /* PanopCore in Frameworks */ = {isa = PBXBuildFile; productRef = AAAA000000000000000000C2 /* PanopCore */; };
		AAAA000000000000000000D3 /* PanopPlaylist in Frameworks */ = {isa = PBXBuildFile; productRef = AAAA000000000000000000C3 /* PanopPlaylist */; };
		AAAA000000000000000000D4 /* PanopPlayback in Frameworks */ = {isa = PBXBuildFile; productRef = AAAA000000000000000000C4 /* PanopPlayback */; };
		AAAA000000000000000000D5 /* PanopXtream in Frameworks */ = {isa = PBXBuildFile; productRef = AAAA000000000000000000C5 /* PanopXtream */; };
		AAAA000000000000000000D6 /* PanopEPG in Frameworks */ = {isa = PBXBuildFile; productRef = AAAA000000000000000000C6 /* PanopEPG */; };
		AAAA000000000000000000D7 /* PanopCatalog in Frameworks */ = {isa = PBXBuildFile; productRef = AAAA000000000000000000C7 /* PanopCatalog */; };
		AAAA000000000000000000D8 /* PanopDiscover in Frameworks */ = {isa = PBXBuildFile; productRef = AAAA000000000000000000CD /* PanopDiscover */; };
		AAAA000000000000000000F1 /* PanopCore in Frameworks */ = {isa = PBXBuildFile; productRef = AAAA000000000000000000C2 /* PanopCore */; };
		AAAA000000000000000000F2 /* PanopPlaylist in Frameworks */ = {isa = PBXBuildFile; productRef = AAAA000000000000000000C3 /* PanopPlaylist */; };
		AAAA000000000000000000F3 /* PanopXtream in Frameworks */ = {isa = PBXBuildFile; productRef = AAAA000000000000000000C5 /* PanopXtream */; };
		AAAA000000000000000000F4 /* PanopEPG in Frameworks */ = {isa = PBXBuildFile; productRef = AAAA000000000000000000C6 /* PanopEPG */; };
		AAAA000000000000000000F5 /* PanopCatalog in Frameworks */ = {isa = PBXBuildFile; productRef = AAAA000000000000000000C7 /* PanopCatalog */; };
		AAAA000000000000000000F6 /* VLCKit in Frameworks */ = {isa = PBXBuildFile; productRef = AAAA000000000000000000C8 /* VLCKit */; };
		AAAA000000000000000000F7 /* LumeEngine in Frameworks */ = {isa = PBXBuildFile; productRef = AAAA000000000000000000CB /* LumeEngine */; };
		AAAA000000000000000000F8 /* LumeEngine in Frameworks */ = {isa = PBXBuildFile; productRef = AAAA000000000000000000CC /* LumeEngine */; };
		AAAA000000000000000000F9 /* PanopDiscover in Frameworks */ = {isa = PBXBuildFile; productRef = AAAA000000000000000000CD /* PanopDiscover */; };
		AAAA000000000000000000FA /* LumeEngine in Embed Frameworks */ = {isa = PBXBuildFile; productRef = AAAA000000000000000000CB /* LumeEngine */; settings = {ATTRIBUTES = (CodeSignOnCopy, RemoveHeadersOnCopy, ); }; };
		BBBB000000000000000000A1 /* PanopSimkl in Frameworks */ = {isa = PBXBuildFile; productRef = BBBB000000000000000000A2 /* PanopSimkl */; };
/* End PBXBuildFile section */

/* Begin PBXContainerItemProxy section */
		AAAA000000000000000000E7 /* PBXContainerItemProxy */ = {
			isa = PBXContainerItemProxy;
			containerPortal = AAAA000000000000000000A1 /* Project object */;
			proxyType = 1;
			remoteGlobalIDString = AAAA000000000000000000A4;
			remoteInfo = Panop;
		};
		AAAA00000000000000000109 /* PBXContainerItemProxy */ = {
			isa = PBXContainerItemProxy;
			containerPortal = AAAA000000000000000000A1 /* Project object */;
			proxyType = 1;
			remoteGlobalIDString = AAAA000000000000000000A4;
			remoteInfo = Panop;
		};
/* End PBXContainerItemProxy section */

/* Begin PBXCopyFilesBuildPhase section */
		AAAA000000000000000000FB /* Embed Frameworks */ = {
			isa = PBXCopyFilesBuildPhase;
			buildActionMask = 2147483647;
			dstPath = "";
			dstSubfolderSpec = 10;
			files = (
				AAAA000000000000000000FA /* LumeEngine in Embed Frameworks */,
			);
			name = "Embed Frameworks";
			runOnlyForDeploymentPostprocessing = 0;
		};
/* End PBXCopyFilesBuildPhase section */

/* Begin PBXFileReference section */
		AAAA000000000000000000A5 /* Panop.app */ = {isa = PBXFileReference; explicitFileType = wrapper.application; includeInIndex = 0; path = Panop.app; sourceTree = BUILT_PRODUCTS_DIR; };
		AAAA000000000000000000E1 /* PanopTests.xctest */ = {isa = PBXFileReference; explicitFileType = wrapper.cfbundle; includeInIndex = 0; path = PanopTests.xctest; sourceTree = BUILT_PRODUCTS_DIR; };
		AAAA00000000000000000102 /* PanopUITests.xctest */ = {isa = PBXFileReference; explicitFileType = wrapper.cfbundle; includeInIndex = 0; path = PanopUITests.xctest; sourceTree = BUILT_PRODUCTS_DIR; };
/* End PBXFileReference section */

/* Begin PBXFileSystemSynchronizedRootGroup section */
		AAAA000000000000000000A6 /* Panop */ = {
			isa = PBXFileSystemSynchronizedRootGroup;
			path = Panop;
			sourceTree = "<group>";
		};
		AAAA000000000000000000E2 /* PanopTests */ = {
			isa = PBXFileSystemSynchronizedRootGroup;
			path = PanopTests;
			sourceTree = "<group>";
		};
		AAAA00000000000000000103 /* PanopUITests */ = {
			isa = PBXFileSystemSynchronizedRootGroup;
			path = PanopUITests;
			sourceTree = "<group>";
		};
/* End PBXFileSystemSynchronizedRootGroup section */

/* Begin PBXFrameworksBuildPhase section */
		AAAA000000000000000000A8 /* Frameworks */ = {
			isa = PBXFrameworksBuildPhase;
			buildActionMask = 2147483647;
			files = (
				AAAA000000000000000000D2 /* PanopCore in Frameworks */,
				AAAA000000000000000000D3 /* PanopPlaylist in Frameworks */,
				AAAA000000000000000000D4 /* PanopPlayback in Frameworks */,
				AAAA000000000000000000D5 /* PanopXtream in Frameworks */,
				AAAA000000000000000000D6 /* PanopEPG in Frameworks */,
				AAAA000000000000000000D7 /* PanopCatalog in Frameworks */,
				AAAA000000000000000000D8 /* PanopDiscover in Frameworks */,
				BBBB000000000000000000A1 /* PanopSimkl in Frameworks */,
				AAAA000000000000000000F6 /* VLCKit in Frameworks */,
				AAAA000000000000000000F7 /* LumeEngine in Frameworks */,
			);
			runOnlyForDeploymentPostprocessing = 0;
		};
		AAAA000000000000000000E5 /* Frameworks */ = {
			isa = PBXFrameworksBuildPhase;
			buildActionMask = 2147483647;
			files = (
				AAAA000000000000000000F1 /* PanopCore in Frameworks */,
				AAAA000000000000000000F2 /* PanopPlaylist in Frameworks */,
				AAAA000000000000000000F3 /* PanopXtream in Frameworks */,
				AAAA000000000000000000F4 /* PanopEPG in Frameworks */,
				AAAA000000000000000000F5 /* PanopCatalog in Frameworks */,
				AAAA000000000000000000F9 /* PanopDiscover in Frameworks */,
				AAAA000000000000000000F8 /* LumeEngine in Frameworks */,
			);
			runOnlyForDeploymentPostprocessing = 0;
		};
		AAAA00000000000000000105 /* Frameworks */ = {
			isa = PBXFrameworksBuildPhase;
			buildActionMask = 2147483647;
			files = (
			);
			runOnlyForDeploymentPostprocessing = 0;
		};
/* End PBXFrameworksBuildPhase section */

/* Begin PBXGroup section */
		AAAA000000000000000000A2 = {
			isa = PBXGroup;
			children = (
				AAAA000000000000000000A6 /* Panop */,
				AAAA000000000000000000E2 /* PanopTests */,
				AAAA00000000000000000103 /* PanopUITests */,
				AAAA000000000000000000A3 /* Products */,
			);
			sourceTree = "<group>";
		};
		AAAA000000000000000000A3 /* Products */ = {
			isa = PBXGroup;
			children = (
				AAAA000000000000000000A5 /* Panop.app */,
				AAAA000000000000000000E1 /* PanopTests.xctest */,
				AAAA00000000000000000102 /* PanopUITests.xctest */,
			);
			name = Products;
			sourceTree = "<group>";
		};
/* End PBXGroup section */

/* Begin PBXNativeTarget section */
		AAAA000000000000000000A4 /* Panop */ = {
			isa = PBXNativeTarget;
			buildConfigurationList = AAAA000000000000000000B4 /* Build configuration list for PBXNativeTarget "Panop" */;
			buildPhases = (
				AAAA000000000000000000A7 /* Sources */,
				AAAA000000000000000000A8 /* Frameworks */,
				AAAA000000000000000000A9 /* Resources */,
				AAAA000000000000000000FB /* Embed Frameworks */,
			);
			buildRules = (
			);
			dependencies = (
			);
			fileSystemSynchronizedGroups = (
				AAAA000000000000000000A6 /* Panop */,
			);
			name = Panop;
			packageProductDependencies = (
				AAAA000000000000000000C2 /* PanopCore */,
				AAAA000000000000000000C3 /* PanopPlaylist */,
				AAAA000000000000000000C4 /* PanopPlayback */,
				AAAA000000000000000000C5 /* PanopXtream */,
				AAAA000000000000000000C6 /* PanopEPG */,
				AAAA000000000000000000C7 /* PanopCatalog */,
				AAAA000000000000000000CD /* PanopDiscover */,
				BBBB000000000000000000A2 /* PanopSimkl */,
				AAAA000000000000000000C8 /* VLCKit */,
				AAAA000000000000000000CB /* LumeEngine */,
			);
			productName = Panop;
			productReference = AAAA000000000000000000A5 /* Panop.app */;
			productType = "com.apple.product-type.application";
		};
		AAAA000000000000000000E3 /* PanopTests */ = {
			isa = PBXNativeTarget;
			buildConfigurationList = AAAA000000000000000000E9 /* Build configuration list for PBXNativeTarget "PanopTests" */;
			buildPhases = (
				AAAA000000000000000000E4 /* Sources */,
				AAAA000000000000000000E5 /* Frameworks */,
			);
			buildRules = (
			);
			dependencies = (
				AAAA000000000000000000E8 /* PBXTargetDependency */,
			);
			fileSystemSynchronizedGroups = (
				AAAA000000000000000000E2 /* PanopTests */,
			);
			name = PanopTests;
			packageProductDependencies = (
				AAAA000000000000000000C2 /* PanopCore */,
				AAAA000000000000000000C3 /* PanopPlaylist */,
				AAAA000000000000000000C5 /* PanopXtream */,
				AAAA000000000000000000C6 /* PanopEPG */,
				AAAA000000000000000000C7 /* PanopCatalog */,
				AAAA000000000000000000CD /* PanopDiscover */,
				AAAA000000000000000000CC /* LumeEngine */,
			);
			productName = PanopTests;
			productReference = AAAA000000000000000000E1 /* PanopTests.xctest */;
			productType = "com.apple.product-type.bundle.unit-test";
		};
		AAAA00000000000000000101 /* PanopUITests */ = {
			isa = PBXNativeTarget;
			buildConfigurationList = AAAA00000000000000000106 /* Build configuration list for PBXNativeTarget "PanopUITests" */;
			buildPhases = (
				AAAA00000000000000000104 /* Sources */,
				AAAA00000000000000000105 /* Frameworks */,
			);
			buildRules = (
			);
			dependencies = (
				AAAA0000000000000000010A /* PBXTargetDependency */,
			);
			fileSystemSynchronizedGroups = (
				AAAA00000000000000000103 /* PanopUITests */,
			);
			name = PanopUITests;
			packageProductDependencies = (
			);
			productName = PanopUITests;
			productReference = AAAA00000000000000000102 /* PanopUITests.xctest */;
			productType = "com.apple.product-type.bundle.ui-testing";
		};
/* End PBXNativeTarget section */

/* Begin PBXProject section */
		AAAA000000000000000000A1 /* Project object */ = {
			isa = PBXProject;
			attributes = {
				BuildIndependentTargetsInParallel = 1;
				LastSwiftUpdateCheck = 2660;
				LastUpgradeCheck = 2660;
				TargetAttributes = {
					AAAA000000000000000000A4 = {
						CreatedOnToolsVersion = 26.6;
					};
					AAAA000000000000000000E3 = {
						CreatedOnToolsVersion = 26.6;
						TestTargetID = AAAA000000000000000000A4;
					};
					AAAA00000000000000000101 = {
						CreatedOnToolsVersion = 26.6;
						TestTargetID = AAAA000000000000000000A4;
					};
				};
			};
			buildConfigurationList = AAAA000000000000000000B1 /* Build configuration list for PBXProject "Panop" */;
			developmentRegion = en;
			hasScannedForEncodings = 0;
			knownRegions = (
				en,
				Base,
			);
			mainGroup = AAAA000000000000000000A2;
			minimizedProjectReferenceProxies = 1;
			packageReferences = (
				AAAA000000000000000000C1 /* XCLocalSwiftPackageReference "Packages/PanopKit" */,
				AAAA000000000000000000C9 /* XCRemoteSwiftPackageReference "VLCKit" */,
				AAAA000000000000000000CA /* XCLocalSwiftPackageReference "vendor/LumeEngine" */,
			);
			preferredProjectObjectVersion = 77;
			productRefGroup = AAAA000000000000000000A3 /* Products */;
			projectDirPath = "";
			projectRoot = "";
			targets = (
				AAAA000000000000000000A4 /* Panop */,
				AAAA000000000000000000E3 /* PanopTests */,
				AAAA00000000000000000101 /* PanopUITests */,
			);
		};
/* End PBXProject section */

/* Begin PBXResourcesBuildPhase section */
		AAAA000000000000000000A9 /* Resources */ = {
			isa = PBXResourcesBuildPhase;
			buildActionMask = 2147483647;
			files = (
			);
			runOnlyForDeploymentPostprocessing = 0;
		};
/* End PBXResourcesBuildPhase section */

/* Begin PBXSourcesBuildPhase section */
		AAAA000000000000000000A7 /* Sources */ = {
			isa = PBXSourcesBuildPhase;
			buildActionMask = 2147483647;
			files = (
			);
			runOnlyForDeploymentPostprocessing = 0;
		};
		AAAA000000000000000000E4 /* Sources */ = {
			isa = PBXSourcesBuildPhase;
			buildActionMask = 2147483647;
			files = (
			);
			runOnlyForDeploymentPostprocessing = 0;
		};
		AAAA00000000000000000104 /* Sources */ = {
			isa = PBXSourcesBuildPhase;
			buildActionMask = 2147483647;
			files = (
			);
			runOnlyForDeploymentPostprocessing = 0;
		};
/* End PBXSourcesBuildPhase section */

/* Begin PBXTargetDependency section */
		AAAA000000000000000000E8 /* PBXTargetDependency */ = {
			isa = PBXTargetDependency;
			target = AAAA000000000000000000A4 /* Panop */;
			targetProxy = AAAA000000000000000000E7 /* PBXContainerItemProxy */;
		};
		AAAA0000000000000000010A /* PBXTargetDependency */ = {
			isa = PBXTargetDependency;
			target = AAAA000000000000000000A4 /* Panop */;
			targetProxy = AAAA00000000000000000109 /* PBXContainerItemProxy */;
		};
/* End PBXTargetDependency section */

/* Begin XCBuildConfiguration section */
		AAAA000000000000000000B2 /* Debug */ = {
			isa = XCBuildConfiguration;
			buildSettings = {
				ALWAYS_SEARCH_USER_PATHS = NO;
				ASSETCATALOG_COMPILER_GENERATE_SWIFT_ASSET_SYMBOL_EXTENSIONS = YES;
				CLANG_ENABLE_MODULES = YES;
				CLANG_ENABLE_OBJC_ARC = YES;
				COPY_PHASE_STRIP = NO;
				DEBUG_INFORMATION_FORMAT = dwarf;
				ENABLE_STRICT_OBJC_MSGSEND = YES;
				ENABLE_TESTABILITY = YES;
				ENABLE_USER_SCRIPT_SANDBOXING = YES;
				GCC_C_LANGUAGE_STANDARD = gnu17;
				GCC_DYNAMIC_NO_PIC = NO;
				GCC_NO_COMMON_BLOCKS = YES;
				GCC_OPTIMIZATION_LEVEL = 0;
				GCC_PREPROCESSOR_DEFINITIONS = (
					"DEBUG=1",
					"$(inherited)",
				);
				IPHONEOS_DEPLOYMENT_TARGET = 18.0;
				LOCALIZATION_PREFERS_STRING_CATALOGS = YES;
				MACOSX_DEPLOYMENT_TARGET = 15.0;
				MTL_ENABLE_DEBUG_INFO = INCLUDE_SOURCE;
				MTL_FAST_MATH = YES;
				ONLY_ACTIVE_ARCH = YES;
				SWIFT_ACTIVE_COMPILATION_CONDITIONS = "DEBUG $(inherited)";
				SWIFT_OPTIMIZATION_LEVEL = "-Onone";
				SWIFT_VERSION = 6.0;
				TVOS_DEPLOYMENT_TARGET = 18.0;
			};
			name = Debug;
		};
		AAAA000000000000000000B3 /* Release */ = {
			isa = XCBuildConfiguration;
			buildSettings = {
				ALWAYS_SEARCH_USER_PATHS = NO;
				ASSETCATALOG_COMPILER_GENERATE_SWIFT_ASSET_SYMBOL_EXTENSIONS = YES;
				CLANG_ENABLE_MODULES = YES;
				CLANG_ENABLE_OBJC_ARC = YES;
				COPY_PHASE_STRIP = NO;
				DEBUG_INFORMATION_FORMAT = "dwarf-with-dsym";
				ENABLE_NS_ASSERTIONS = NO;
				ENABLE_STRICT_OBJC_MSGSEND = YES;
				ENABLE_USER_SCRIPT_SANDBOXING = YES;
				GCC_C_LANGUAGE_STANDARD = gnu17;
				GCC_NO_COMMON_BLOCKS = YES;
				IPHONEOS_DEPLOYMENT_TARGET = 18.0;
				LOCALIZATION_PREFERS_STRING_CATALOGS = YES;
				MACOSX_DEPLOYMENT_TARGET = 15.0;
				MTL_ENABLE_DEBUG_INFO = NO;
				MTL_FAST_MATH = YES;
				SWIFT_COMPILATION_MODE = wholemodule;
				SWIFT_VERSION = 6.0;
				TVOS_DEPLOYMENT_TARGET = 18.0;
				VALIDATE_PRODUCT = YES;
			};
			name = Release;
		};
		AAAA000000000000000000B5 /* Debug */ = {
			isa = XCBuildConfiguration;
			buildSettings = {
				ASSETCATALOG_COMPILER_APPICON_NAME = AppIcon;
				CODE_SIGN_STYLE = Automatic;
				CURRENT_PROJECT_VERSION = 1;
				ENABLE_HARDENED_RUNTIME = YES;
				ENABLE_PREVIEWS = YES;
				GENERATE_INFOPLIST_FILE = YES;
				INFOPLIST_FILE = "Config/Panop-Info.plist";
				INFOPLIST_KEY_CFBundleDisplayName = Panop;
				INFOPLIST_KEY_UILaunchScreen_Generation = YES;
				LD_RUNPATH_SEARCH_PATHS = (
					"$(inherited)",
					"@executable_path/Frameworks",
				);
				"LD_RUNPATH_SEARCH_PATHS[sdk=macosx*]" = (
					"$(inherited)",
					"@executable_path/../Frameworks",
				);
				MARKETING_VERSION = 0.1.0;
				PRODUCT_BUNDLE_IDENTIFIER = com.panop.Panop;
				PRODUCT_NAME = "$(TARGET_NAME)";
				SDKROOT = auto;
				SUPPORTED_PLATFORMS = "appletvos appletvsimulator iphoneos iphonesimulator macosx";
				SUPPORTS_MACCATALYST = NO;
				SWIFT_DEFAULT_ACTOR_ISOLATION = MainActor;
				SWIFT_EMIT_LOC_STRINGS = YES;
				TARGETED_DEVICE_FAMILY = "1,2,3";
			};
			name = Debug;
		};
		AAAA000000000000000000B6 /* Release */ = {
			isa = XCBuildConfiguration;
			buildSettings = {
				ASSETCATALOG_COMPILER_APPICON_NAME = AppIcon;
				CODE_SIGN_STYLE = Automatic;
				CURRENT_PROJECT_VERSION = 1;
				ENABLE_HARDENED_RUNTIME = YES;
				ENABLE_PREVIEWS = YES;
				GENERATE_INFOPLIST_FILE = YES;
				INFOPLIST_FILE = "Config/Panop-Info.plist";
				INFOPLIST_KEY_CFBundleDisplayName = Panop;
				INFOPLIST_KEY_UILaunchScreen_Generation = YES;
				LD_RUNPATH_SEARCH_PATHS = (
					"$(inherited)",
					"@executable_path/Frameworks",
				);
				"LD_RUNPATH_SEARCH_PATHS[sdk=macosx*]" = (
					"$(inherited)",
					"@executable_path/../Frameworks",
				);
				MARKETING_VERSION = 0.1.0;
				PRODUCT_BUNDLE_IDENTIFIER = com.panop.Panop;
				PRODUCT_NAME = "$(TARGET_NAME)";
				SDKROOT = auto;
				SUPPORTED_PLATFORMS = "appletvos appletvsimulator iphoneos iphonesimulator macosx";
				SUPPORTS_MACCATALYST = NO;
				SWIFT_DEFAULT_ACTOR_ISOLATION = MainActor;
				SWIFT_EMIT_LOC_STRINGS = YES;
				TARGETED_DEVICE_FAMILY = "1,2,3";
			};
			name = Release;
		};
		AAAA000000000000000000EA /* Debug */ = {
			isa = XCBuildConfiguration;
			buildSettings = {
				BUNDLE_LOADER = "$(TEST_HOST)";
				CODE_SIGN_STYLE = Automatic;
				CURRENT_PROJECT_VERSION = 1;
				GENERATE_INFOPLIST_FILE = YES;
				MARKETING_VERSION = 0.1.0;
				PRODUCT_BUNDLE_IDENTIFIER = com.panop.PanopTests;
				PRODUCT_NAME = "$(TARGET_NAME)";
				SDKROOT = auto;
				SUPPORTED_PLATFORMS = "appletvos appletvsimulator iphoneos iphonesimulator macosx";
				SUPPORTS_MACCATALYST = NO;
				TARGETED_DEVICE_FAMILY = "1,2,3";
				TEST_HOST = "$(BUILT_PRODUCTS_DIR)/Panop.app/Panop";
				"TEST_HOST[sdk=macosx*]" = "$(BUILT_PRODUCTS_DIR)/Panop.app/Contents/MacOS/Panop";
			};
			name = Debug;
		};
		AAAA000000000000000000EB /* Release */ = {
			isa = XCBuildConfiguration;
			buildSettings = {
				BUNDLE_LOADER = "$(TEST_HOST)";
				CODE_SIGN_STYLE = Automatic;
				CURRENT_PROJECT_VERSION = 1;
				GENERATE_INFOPLIST_FILE = YES;
				MARKETING_VERSION = 0.1.0;
				PRODUCT_BUNDLE_IDENTIFIER = com.panop.PanopTests;
				PRODUCT_NAME = "$(TARGET_NAME)";
				SDKROOT = auto;
				SUPPORTED_PLATFORMS = "appletvos appletvsimulator iphoneos iphonesimulator macosx";
				SUPPORTS_MACCATALYST = NO;
				TARGETED_DEVICE_FAMILY = "1,2,3";
				TEST_HOST = "$(BUILT_PRODUCTS_DIR)/Panop.app/Panop";
				"TEST_HOST[sdk=macosx*]" = "$(BUILT_PRODUCTS_DIR)/Panop.app/Contents/MacOS/Panop";
			};
			name = Release;
		};
		AAAA00000000000000000107 /* Debug */ = {
			isa = XCBuildConfiguration;
			buildSettings = {
				CODE_SIGN_STYLE = Automatic;
				CURRENT_PROJECT_VERSION = 1;
				GENERATE_INFOPLIST_FILE = YES;
				MARKETING_VERSION = 0.1.0;
				PRODUCT_BUNDLE_IDENTIFIER = com.panop.PanopUITests;
				PRODUCT_NAME = "$(TARGET_NAME)";
				SDKROOT = auto;
				SUPPORTED_PLATFORMS = "appletvos appletvsimulator iphoneos iphonesimulator macosx";
				SUPPORTS_MACCATALYST = NO;
				TARGETED_DEVICE_FAMILY = "1,2,3";
				TEST_TARGET_NAME = Panop;
			};
			name = Debug;
		};
		AAAA00000000000000000108 /* Release */ = {
			isa = XCBuildConfiguration;
			buildSettings = {
				CODE_SIGN_STYLE = Automatic;
				CURRENT_PROJECT_VERSION = 1;
				GENERATE_INFOPLIST_FILE = YES;
				MARKETING_VERSION = 0.1.0;
				PRODUCT_BUNDLE_IDENTIFIER = com.panop.PanopUITests;
				PRODUCT_NAME = "$(TARGET_NAME)";
				SDKROOT = auto;
				SUPPORTED_PLATFORMS = "appletvos appletvsimulator iphoneos iphonesimulator macosx";
				SUPPORTS_MACCATALYST = NO;
				TARGETED_DEVICE_FAMILY = "1,2,3";
				TEST_TARGET_NAME = Panop;
			};
			name = Release;
		};
/* End XCBuildConfiguration section */

/* Begin XCConfigurationList section */
		AAAA000000000000000000B1 /* Build configuration list for PBXProject "Panop" */ = {
			isa = XCConfigurationList;
			buildConfigurations = (
				AAAA000000000000000000B2 /* Debug */,
				AAAA000000000000000000B3 /* Release */,
			);
			defaultConfigurationIsVisible = 0;
			defaultConfigurationName = Release;
		};
		AAAA000000000000000000B4 /* Build configuration list for PBXNativeTarget "Panop" */ = {
			isa = XCConfigurationList;
			buildConfigurations = (
				AAAA000000000000000000B5 /* Debug */,
				AAAA000000000000000000B6 /* Release */,
			);
			defaultConfigurationIsVisible = 0;
			defaultConfigurationName = Release;
		};
		AAAA000000000000000000E9 /* Build configuration list for PBXNativeTarget "PanopTests" */ = {
			isa = XCConfigurationList;
			buildConfigurations = (
				AAAA000000000000000000EA /* Debug */,
				AAAA000000000000000000EB /* Release */,
			);
			defaultConfigurationIsVisible = 0;
			defaultConfigurationName = Release;
		};
		AAAA00000000000000000106 /* Build configuration list for PBXNativeTarget "PanopUITests" */ = {
			isa = XCConfigurationList;
			buildConfigurations = (
				AAAA00000000000000000107 /* Debug */,
				AAAA00000000000000000108 /* Release */,
			);
			defaultConfigurationIsVisible = 0;
			defaultConfigurationName = Release;
		};
/* End XCConfigurationList section */

/* Begin XCLocalSwiftPackageReference section */
		AAAA000000000000000000C1 /* XCLocalSwiftPackageReference "Packages/PanopKit" */ = {
			isa = XCLocalSwiftPackageReference;
			relativePath = Packages/PanopKit;
		};
		AAAA000000000000000000CA /* XCLocalSwiftPackageReference "vendor/LumeEngine" */ = {
			isa = XCLocalSwiftPackageReference;
			relativePath = vendor/LumeEngine;
		};
/* End XCLocalSwiftPackageReference section */

/* Begin XCRemoteSwiftPackageReference section */
		AAAA000000000000000000C9 /* XCRemoteSwiftPackageReference "VLCKit" */ = {
			isa = XCRemoteSwiftPackageReference;
			repositoryURL = "https://code.videolan.org/videolan/VLCKit.git";
			requirement = {
				kind = exactVersion;
				version = "4.0.0-a24";
			};
		};
/* End XCRemoteSwiftPackageReference section */

/* Begin XCSwiftPackageProductDependency section */
		AAAA000000000000000000C2 /* PanopCore */ = {
			isa = XCSwiftPackageProductDependency;
			productName = PanopCore;
		};
		AAAA000000000000000000C3 /* PanopPlaylist */ = {
			isa = XCSwiftPackageProductDependency;
			productName = PanopPlaylist;
		};
		AAAA000000000000000000C4 /* PanopPlayback */ = {
			isa = XCSwiftPackageProductDependency;
			productName = PanopPlayback;
		};
		AAAA000000000000000000C5 /* PanopXtream */ = {
			isa = XCSwiftPackageProductDependency;
			productName = PanopXtream;
		};
		AAAA000000000000000000C6 /* PanopEPG */ = {
			isa = XCSwiftPackageProductDependency;
			productName = PanopEPG;
		};
		AAAA000000000000000000C7 /* PanopCatalog */ = {
			isa = XCSwiftPackageProductDependency;
			productName = PanopCatalog;
		};
		AAAA000000000000000000C8 /* VLCKit */ = {
			isa = XCSwiftPackageProductDependency;
			package = AAAA000000000000000000C9 /* XCRemoteSwiftPackageReference "VLCKit" */;
			productName = VLCKit;
		};
		AAAA000000000000000000CB /* LumeEngine */ = {
			isa = XCSwiftPackageProductDependency;
			package = AAAA000000000000000000CA /* XCLocalSwiftPackageReference "vendor/LumeEngine" */;
			productName = LumeEngine;
		};
		AAAA000000000000000000CC /* LumeEngine */ = {
			isa = XCSwiftPackageProductDependency;
			package = AAAA000000000000000000CA /* XCLocalSwiftPackageReference "vendor/LumeEngine" */;
			productName = LumeEngine;
		};
		AAAA000000000000000000CD /* PanopDiscover */ = {
			isa = XCSwiftPackageProductDependency;
			productName = PanopDiscover;
		};
		BBBB000000000000000000A2 /* PanopSimkl */ = {
			isa = XCSwiftPackageProductDependency;
			productName = PanopSimkl;
		};
/* End XCSwiftPackageProductDependency section */
	};
	rootObject = AAAA000000000000000000A1 /* Project object */;
}
